dependencies:
- name: kafka
  repository: https://charts.bitnami.com/bitnami
  version: 26.11.4
- name: kafka-ui
  repository: https://provectus.github.io/kafka-ui-charts
  version: 0.7.6
digest: sha256:d0b8b565c46a2ba39adaf7f776864dab162389fc3aead9e432746f5394888a59
generated: "2025-09-14T21:43:17.780115+09:00"
